// !$*UTF8*$!
{
	archiveVersion = 1;
	classes = {
	};
	objectVersion = 56;
	objects = {

/* Begin PBXBuildFile section */
		BCC5A6B02B60A4CF00C1E20D /* TodoAppApp.swift in Sources */ = {isa = PBXBuildFile; fileRef = BCC5A6AF2B60A4CF00C1E20D /* TodoAppApp.swift */; };
		BCC5A6B22B60A4CF00C1E20D /* ContentView.swift in Sources */ = {isa = PBXBuildFile; fileRef = BCC5A6B12B60A4CF00C1E20D /* ContentView.swift */; };
		BCC5A6B42B60A4D000C1E20D /* Assets.xcassets in Resources */ = {isa = PBXBuildFile; fileRef = BCC5A6B32B60A4D000C1E20D /* Assets.xcassets */; };
		BCC5A6B72B60A4D000C1E20D /* Preview Assets.xcassets in Resources */ = {isa = PBXBuildFile; fileRef = BCC5A6B62B60A4D000C1E20D /* Preview Assets.xcassets */; };
		BCC5A6B92B60A4D100C1E20D /* Persistence.swift in Sources */ = {isa = PBXBuildFile; fileRef = BCC5A6B82B60A4D000C1E20D /* Persistence.swift */; };
		BCC5A6BC2B60A4D100C1E20D /* TodoApp.xcdatamodeld in Sources */ = {isa = PBXBuildFile; fileRef = BCC5A6BA2B60A4D100C1E20D /* TodoApp.xcdatamodeld */; };
		BCC5A6C52B60AAC200C1E20D /* ProjectListItemView.swift in Sources */ = {isa = PBXBuildFile; fileRef = BCC5A6C42B60AAC200C1E20D /* ProjectListItemView.swift */; };
		BCC5A6C72B60B00500C1E20D /* ProjectDetailView.swift in Sources */ = {isa = PBXBuildFile; fileRef = BCC5A6C62B60B00500C1E20D /* ProjectDetailView.swift */; };
		BCC5A6C92B60C6FA00C1E20D /* ProjectEdit.swift in Sources */ = {isa = PBXBuildFile; fileRef = BCC5A6C82B60C6FA00C1E20D /* ProjectEdit.swift */; };
		BCC5A6CB2B60D62000C1E20D /* TaskEditView.swift in Sources */ = {isa = PBXBuildFile; fileRef = BCC5A6CA2B60D62000C1E20D /* TaskEditView.swift */; };
		BCC5A6CD2B60DA1400C1E20D /* CoreDataUtility.swift in Sources */ = {isa = PBXBuildFile; fileRef = BCC5A6CC2B60DA1400C1E20D /* CoreDataUtility.swift */; };
		BCDF32182B61F0890009744B /* TaskListItemView.swift in Sources */ = {isa = PBXBuildFile; fileRef = BCDF32172B61F0890009744B /* TaskListItemView.swift */; };
		BCDF321B2B63362E0009744B /* PriorityPicker.swift in Sources */ = {isa = PBXBuildFile; fileRef = BCDF321A2B63362E0009744B /* PriorityPicker.swift */; };
		BCDF321E2B6337B10009744B /* Priority.swift in Sources */ = {isa = PBXBuildFile; fileRef = BCDF321D2B6337B10009744B /* Priority.swift */; };
		BCDF32202B6394EC0009744B /* TaskState.swift in Sources */ = {isa = PBXBuildFile; fileRef = BCDF321F2B6394EC0009744B /* TaskState.swift */; };
		BCDF32232B6721A70009744B /* Color.swift in Sources */ = {isa = PBXBuildFile; fileRef = BCDF32222B6721A70009744B /* Color.swift */; };
		BCDF32252B6721F40009744B /* ProjectExt.swift in Sources */ = {isa = PBXBuildFile; fileRef = BCDF32242B6721F40009744B /* ProjectExt.swift */; };
		BCDF32272B672D8B0009744B /* PriorityView.swift in Sources */ = {isa = PBXBuildFile; fileRef = BCDF32262B672D8B0009744B /* PriorityView.swift */; };
		BCDF32292B6736E70009744B /* DateUtil.swift in Sources */ = {isa = PBXBuildFile; fileRef = BCDF32282B6736E70009744B /* DateUtil.swift */; };
/* End PBXBuildFile section */

/* Begin PBXFileReference section */
		BCC5A6AC2B60A4CF00C1E20D /* TodoApp.app */ = {isa = PBXFileReference; explicitFileType = wrapper.application; includeInIndex = 0; path = TodoApp.app; sourceTree = BUILT_PRODUCTS_DIR; };
		BCC5A6AF2B60A4CF00C1E20D /* TodoAppApp.swift */ = {isa = PBXFileReference; lastKnownFileType = sourcecode.swift; path = TodoAppApp.swift; sourceTree = "<group>"; };
		BCC5A6B12B60A4CF00C1E20D /* ContentView.swift */ = {isa = PBXFileReference; lastKnownFileType = sourcecode.swift; path = ContentView.swift; sourceTree = "<group>"; };
		BCC5A6B32B60A4D000C1E20D /* Assets.xcassets */ = {isa = PBXFileReference; lastKnownFileType = folder.assetcatalog; path = Assets.xcassets; sourceTree = "<group>"; };
		BCC5A6B62B60A4D000C1E20D /* Preview Assets.xcassets */ = {isa = PBXFileReference; lastKnownFileType = folder.assetcatalog; path = "Preview Assets.xcassets"; sourceTree = "<group>"; };
		BCC5A6B82B60A4D000C1E20D /* Persistence.swift */ = {isa = PBXFileReference; lastKnownFileType = sourcecode.swift; path = Persistence.swift; sourceTree = "<group>"; };
		BCC5A6BB2B60A4D100C1E20D /* TodoApp.xcdatamodel */ = {isa = PBXFileReference; lastKnownFileType = wrapper.xcdatamodel; path = TodoApp.xcdatamodel; sourceTree = "<group>"; };
		BCC5A6C42B60AAC200C1E20D /* ProjectListItemView.swift */ = {isa = PBXFileReference; lastKnownFileType = sourcecode.swift; path = ProjectListItemView.swift; sourceTree = "<group>"; };
		BCC5A6C62B60B00500C1E20D /* ProjectDetailView.swift */ = {isa = PBXFileReference; lastKnownFileType = sourcecode.swift; path = ProjectDetailView.swift; sourceTree = "<group>"; };
		BCC5A6C82B60C6FA00C1E20D /* ProjectEdit.swift */ = {isa = PBXFileReference; lastKnownFileType = sourcecode.swift; path = ProjectEdit.swift; sourceTree = "<group>"; };
		BCC5A6CA2B60D62000C1E20D /* TaskEditView.swift */ = {isa = PBXFileReference; lastKnownFileType = sourcecode.swift; path = TaskEditView.swift; sourceTree = "<group>"; };
		BCC5A6CC2B60DA1400C1E20D /* CoreDataUtility.swift */ = {isa = PBXFileReference; lastKnownFileType = sourcecode.swift; path = CoreDataUtility.swift; sourceTree = "<group>"; };
		BCDF32172B61F0890009744B /* TaskListItemView.swift */ = {isa = PBXFileReference; lastKnownFileType = sourcecode.swift; path = TaskListItemView.swift; sourceTree = "<group>"; };
		BCDF321A2B63362E0009744B /* PriorityPicker.swift */ = {isa = PBXFileReference; lastKnownFileType = sourcecode.swift; path = PriorityPicker.swift; sourceTree = "<group>"; };
		BCDF321D2B6337B10009744B /* Priority.swift */ = {isa = PBXFileReference; lastKnownFileType = sourcecode.swift; path = Priority.swift; sourceTree = "<group>"; };
		BCDF321F2B6394EC0009744B /* TaskState.swift */ = {isa = PBXFileReference; lastKnownFileType = sourcecode.swift; path = TaskState.swift; sourceTree = "<group>"; };
		BCDF32222B6721A70009744B /* Color.swift */ = {isa = PBXFileReference; lastKnownFileType = sourcecode.swift; path = Color.swift; sourceTree = "<group>"; };
		BCDF32242B6721F40009744B /* ProjectExt.swift */ = {isa = PBXFileReference; lastKnownFileType = sourcecode.swift; path = ProjectExt.swift; sourceTree = "<group>"; };
		BCDF32262B672D8B0009744B /* PriorityView.swift */ = {isa = PBXFileReference; lastKnownFileType = sourcecode.swift; path = PriorityView.swift; sourceTree = "<group>"; };
		BCDF32282B6736E70009744B /* DateUtil.swift */ = {isa = PBXFileReference; lastKnownFileType = sourcecode.swift; path = DateUtil.swift; sourceTree = "<group>"; };
/* End PBXFileReference section */

/* Begin PBXFrameworksBuildPhase section */
		BCC5A6A92B60A4CF00C1E20D /* Frameworks */ = {
			isa = PBXFrameworksBuildPhase;
			buildActionMask = 2147483647;
			files = (
			);
			runOnlyForDeploymentPostprocessing = 0;
		};
/* End PBXFrameworksBuildPhase section */

/* Begin PBXGroup section */
		BCC5A6A32B60A4CF00C1E20D = {
			isa = PBXGroup;
			children = (
				BCC5A6AE2B60A4CF00C1E20D /* TodoApp */,
				BCC5A6AD2B60A4CF00C1E20D /* Products */,
			);
			sourceTree = "<group>";
		};
		BCC5A6AD2B60A4CF00C1E20D /* Products */ = {
			isa = PBXGroup;
			children = (
				BCC5A6AC2B60A4CF00C1E20D /* TodoApp.app */,
			);
			name = Products;
			sourceTree = "<group>";
		};
		BCC5A6AE2B60A4CF00C1E20D /* TodoApp */ = {
			isa = PBXGroup;
			children = (
				BCDF32212B6721910009744B /* Extentions */,
				BCDF321C2B63377E0009744B /* Utilities */,
				BCC5A6C32B60AA7E00C1E20D /* Views */,
				BCC5A6C22B60A75C00C1E20D /* Services */,
				BCC5A6AF2B60A4CF00C1E20D /* TodoAppApp.swift */,
				BCC5A6B12B60A4CF00C1E20D /* ContentView.swift */,
				BCC5A6B32B60A4D000C1E20D /* Assets.xcassets */,
				BCC5A6B82B60A4D000C1E20D /* Persistence.swift */,
				BCC5A6BA2B60A4D100C1E20D /* TodoApp.xcdatamodeld */,
				BCC5A6B52B60A4D000C1E20D /* Preview Content */,
			);
			path = TodoApp;
			sourceTree = "<group>";
		};
		BCC5A6B52B60A4D000C1E20D /* Preview Content */ = {
			isa = PBXGroup;
			children = (
				BCC5A6B62B60A4D000C1E20D /* Preview Assets.xcassets */,
			);
			path = "Preview Content";
			sourceTree = "<group>";
		};
		BCC5A6C22B60A75C00C1E20D /* Services */ = {
			isa = PBXGroup;
			children = (
			);
			path = Services;
			sourceTree = "<group>";
		};
		BCC5A6C32B60AA7E00C1E20D /* Views */ = {
			isa = PBXGroup;
			children = (
				BCDF32192B6335B40009744B /* UI */,
				BCC5A6C42B60AAC200C1E20D /* ProjectListItemView.swift */,
				BCC5A6C62B60B00500C1E20D /* ProjectDetailView.swift */,
				BCC5A6C82B60C6FA00C1E20D /* ProjectEdit.swift */,
				BCC5A6CA2B60D62000C1E20D /* TaskEditView.swift */,
				BCDF32172B61F0890009744B /* TaskListItemView.swift */,
			);
			path = Views;
			sourceTree = "<group>";
		};
		BCDF32192B6335B40009744B /* UI */ = {
			isa = PBXGroup;
			children = (
				BCDF321A2B63362E0009744B /* PriorityPicker.swift */,
				BCDF32262B672D8B0009744B /* PriorityView.swift */,
			);
			path = UI;
			sourceTree = "<group>";
		};
		BCDF321C2B63377E0009744B /* Utilities */ = {
			isa = PBXGroup;
			children = (
				BCC5A6CC2B60DA1400C1E20D /* CoreDataUtility.swift */,
				BCDF321D2B6337B10009744B /* Priority.swift */,
				BCDF321F2B6394EC0009744B /* TaskState.swift */,
				BCDF32282B6736E70009744B /* DateUtil.swift */,
			);
			path = Utilities;
			sourceTree = "<group>";
		};
		BCDF32212B6721910009744B /* Extentions */ = {
			isa = PBXGroup;
			children = (
				BCDF32222B6721A70009744B /* Color.swift */,
				BCDF32242B6721F40009744B /* ProjectExt.swift */,
			);
			path = Extentions;
			sourceTree = "<group>";
		};
/* End PBXGroup section */

/* Begin PBXNativeTarget section */
		BCC5A6AB2B60A4CF00C1E20D /* TodoApp */ = {
			isa = PBXNativeTarget;
			buildConfigurationList = BCC5A6BF2B60A4D100C1E20D /* Build configuration list for PBXNativeTarget "TodoApp" */;
			buildPhases = (
				BCC5A6A82B60A4CF00C1E20D /* Sources */,
				BCC5A6A92B60A4CF00C1E20D /* Frameworks */,
				BCC5A6AA2B60A4CF00C1E20D /* Resources */,
			);
			buildRules = (
			);
			dependencies = (
			);
			name = TodoApp;
			productName = TodoApp;
			productReference = BCC5A6AC2B60A4CF00C1E20D /* TodoApp.app */;
			productType = "com.apple.product-type.application";
		};
/* End PBXNativeTarget section */

/* Begin PBXProject section */
		BCC5A6A42B60A4CF00C1E20D /* Project object */ = {
			isa = PBXProject;
			attributes = {
				BuildIndependentTargetsInParallel = 1;
				LastSwiftUpdateCheck = 1520;
				LastUpgradeCheck = 1520;
				TargetAttributes = {
					BCC5A6AB2B60A4CF00C1E20D = {
						CreatedOnToolsVersion = 15.2;
					};
				};
			};
			buildConfigurationList = BCC5A6A72B60A4CF00C1E20D /* Build configuration list for PBXProject "TodoApp" */;
			compatibilityVersion = "Xcode 14.0";
			developmentRegion = en;
			hasScannedForEncodings = 0;
			knownRegions = (
				en,
				Base,
			);
			mainGroup = BCC5A6A32B60A4CF00C1E20D;
			productRefGroup = BCC5A6AD2B60A4CF00C1E20D /* Products */;
			projectDirPath = "";
			projectRoot = "";
			targets = (
				BCC5A6AB2B60A4CF00C1E20D /* TodoApp */,
			);
		};
/* End PBXProject section */

/* Begin PBXResourcesBuildPhase section */
		BCC5A6AA2B60A4CF00C1E20D /* Resources */ = {
			isa = PBXResourcesBuildPhase;
			buildActionMask = 2147483647;
			files = (
				BCC5A6B72B60A4D000C1E20D /* Preview Assets.xcassets in Resources */,
				BCC5A6B42B60A4D000C1E20D /* Assets.xcassets in Resources */,
			);
			runOnlyForDeploymentPostprocessing = 0;
		};
/* End PBXResourcesBuildPhase section */

/* Begin PBXSourcesBuildPhase section */
		BCC5A6A82B60A4CF00C1E20D /* Sources */ = {
			isa = PBXSourcesBuildPhase;
			buildActionMask = 2147483647;
			files = (
				BCC5A6B92B60A4D100C1E20D /* Persistence.swift in Sources */,
				BCDF32202B6394EC0009744B /* TaskState.swift in Sources */,
				BCC5A6CB2B60D62000C1E20D /* TaskEditView.swift in Sources */,
				BCC5A6CD2B60DA1400C1E20D /* CoreDataUtility.swift in Sources */,
				BCC5A6C52B60AAC200C1E20D /* ProjectListItemView.swift in Sources */,
				BCDF32292B6736E70009744B /* DateUtil.swift in Sources */,
				BCC5A6B22B60A4CF00C1E20D /* ContentView.swift in Sources */,
				BCC5A6B02B60A4CF00C1E20D /* TodoAppApp.swift in Sources */,
				BCDF321B2B63362E0009744B /* PriorityPicker.swift in Sources */,
				BCDF32252B6721F40009744B /* ProjectExt.swift in Sources */,
				BCDF32182B61F0890009744B /* TaskListItemView.swift in Sources */,
				BCDF32272B672D8B0009744B /* PriorityView.swift in Sources */,
				BCDF32232B6721A70009744B /* Color.swift in Sources */,
				BCC5A6BC2B60A4D100C1E20D /* TodoApp.xcdatamodeld in Sources */,
				BCC5A6C72B60B00500C1E20D /* ProjectDetailView.swift in Sources */,
				BCC5A6C92B60C6FA00C1E20D /* ProjectEdit.swift in Sources */,
				BCDF321E2B6337B10009744B /* Priority.swift in Sources */,
			);
			runOnlyForDeploymentPostprocessing = 0;
		};
/* End PBXSourcesBuildPhase section */

/* Begin XCBuildConfiguration section */
		BCC5A6BD2B60A4D100C1E20D /* Debug */ = {
			isa = XCBuildConfiguration;
			buildSettings = {
				ALWAYS_SEARCH_USER_PATHS = NO;
				ASSETCATALOG_COMPILER_GENERATE_SWIFT_ASSET_SYMBOL_EXTENSIONS = YES;
				CLANG_ANALYZER_NONNULL = YES;
				CLANG_ANALYZER_NUMBER_OBJECT_CONVERSION = YES_AGGRESSIVE;
				CLANG_CXX_LANGUAGE_STANDARD = "gnu++20";
				CLANG_ENABLE_MODULES = YES;
				CLANG_ENABLE_OBJC_ARC = YES;
				CLANG_ENABLE_OBJC_WEAK = YES;
				CLANG_WARN_BLOCK_CAPTURE_AUTORELEASING = YES;
				CLANG_WARN_BOOL_CONVERSION = YES;
				CLANG_WARN_COMMA = YES;
				CLANG_WARN_CONSTANT_CONVERSION = YES;
				CLANG_WARN_DEPRECATED_OBJC_IMPLEMENTATIONS = YES;
				CLANG_WARN_DIRECT_OBJC_ISA_USAGE = YES_ERROR;
				CLANG_WARN_DOCUMENTATION_COMMENTS = YES;
				CLANG_WARN_EMPTY_BODY = YES;
				CLANG_WARN_ENUM_CONVERSION = YES;
				CLANG_WARN_INFINITE_RECURSION = YES;
				CLANG_WARN_INT_CONVERSION = YES;
				CLANG_WARN_NON_LITERAL_NULL_CONVERSION = YES;
				CLANG_WARN_OBJC_IMPLICIT_RETAIN_SELF = YES;
				CLANG_WARN_OBJC_LITERAL_CONVERSION = YES;
				CLANG_WARN_OBJC_ROOT_CLASS = YES_ERROR;
				CLANG_WARN_QUOTED_INCLUDE_IN_FRAMEWORK_HEADER = YES;
				CLANG_WARN_RANGE_LOOP_ANALYSIS = YES;
				CLANG_WARN_STRICT_PROTOTYPES = YES;
				CLANG_WARN_SUSPICIOUS_MOVE = YES;
				CLANG_WARN_UNGUARDED_AVAILABILITY = YES_AGGRESSIVE;
				CLANG_WARN_UNREACHABLE_CODE = YES;
				CLANG_WARN__DUPLICATE_METHOD_MATCH = YES;
				COPY_PHASE_STRIP = NO;
				DEBUG_INFORMATION_FORMAT = dwarf;
				ENABLE_STRICT_OBJC_MSGSEND = YES;
				ENABLE_TESTABILITY = YES;
				ENABLE_USER_SCRIPT_SANDBOXING = YES;
				GCC_C_LANGUAGE_STANDARD = gnu17;
				GCC_DYNAMIC_NO_PIC = NO;
				GCC_NO_COMMON_BLOCKS = YES;
				GCC_OPTIMIZATION_LEVEL = 0;
				GCC_PREPROCESSOR_DEFINITIONS = (
					"DEBUG=1",
					"$(inherited)",
				);
				GCC_WARN_64_TO_32_BIT_CONVERSION = YES;
				GCC_WARN_ABOUT_RETURN_TYPE = YES_ERROR;
				GCC_WARN_UNDECLARED_SELECTOR = YES;
				GCC_WARN_UNINITIALIZED_AUTOS = YES_AGGRESSIVE;
				GCC_WARN_UNUSED_FUNCTION = YES;
				GCC_WARN_UNUSED_VARIABLE = YES;
				IPHONEOS_DEPLOYMENT_TARGET = 17.2;
				LOCALIZATION_PREFERS_STRING_CATALOGS = YES;
				MTL_ENABLE_DEBUG_INFO = INCLUDE_SOURCE;
				MTL_FAST_MATH = YES;
				ONLY_ACTIVE_ARCH = YES;
				SDKROOT = iphoneos;
				SWIFT_ACTIVE_COMPILATION_CONDITIONS = "DEBUG $(inherited)";
				SWIFT_OPTIMIZATION_LEVEL = "-Onone";
			};
			name = Debug;
		};
		BCC5A6BE2B60A4D100C1E20D /* Release */ = {
			isa = XCBuildConfiguration;
			buildSettings = {
				ALWAYS_SEARCH_USER_PATHS = NO;
				ASSETCATALOG_COMPILER_GENERATE_SWIFT_ASSET_SYMBOL_EXTENSIONS = YES;
				CLANG_ANALYZER_NONNULL = YES;
				CLANG_ANALYZER_NUMBER_OBJECT_CONVERSION = YES_AGGRESSIVE;
				CLANG_CXX_LANGUAGE_STANDARD = "gnu++20";
				CLANG_ENABLE_MODULES = YES;
				CLANG_ENABLE_OBJC_ARC = YES;
				CLANG_ENABLE_OBJC_WEAK = YES;
				CLANG_WARN_BLOCK_CAPTURE_AUTORELEASING = YES;
				CLANG_WARN_BOOL_CONVERSION = YES;
				CLANG_WARN_COMMA = YES;
				CLANG_WARN_CONSTANT_CONVERSION = YES;
				CLANG_WARN_DEPRECATED_OBJC_IMPLEMENTATIONS = YES;
				CLANG_WARN_DIRECT_OBJC_ISA_USAGE = YES_ERROR;
				CLANG_WARN_DOCUMENTATION_COMMENTS = YES;
				CLANG_WARN_EMPTY_BODY = YES;
				CLANG_WARN_ENUM_CONVERSION = YES;
				CLANG_WARN_INFINITE_RECURSION = YES;
				CLANG_WARN_INT_CONVERSION = YES;
				CLANG_WARN_NON_LITERAL_NULL_CONVERSION = YES;
				CLANG_WARN_OBJC_IMPLICIT_RETAIN_SELF = YES;
				CLANG_WARN_OBJC_LITERAL_CONVERSION = YES;
				CLANG_WARN_OBJC_ROOT_CLASS = YES_ERROR;
				CLANG_WARN_QUOTED_INCLUDE_IN_FRAMEWORK_HEADER = YES;
				CLANG_WARN_RANGE_LOOP_ANALYSIS = YES;
				CLANG_WARN_STRICT_PROTOTYPES = YES;
				CLANG_WARN_SUSPICIOUS_MOVE = YES;
				CLANG_WARN_UNGUARDED_AVAILABILITY = YES_AGGRESSIVE;
				CLANG_WARN_UNREACHABLE_CODE = YES;
				CLANG_WARN__DUPLICATE_METHOD_MATCH = YES;
				COPY_PHASE_STRIP = NO;
				DEBUG_INFORMATION_FORMAT = "dwarf-with-dsym";
				ENABLE_NS_ASSERTIONS = NO;
				ENABLE_STRICT_OBJC_MSGSEND = YES;
				ENABLE_USER_SCRIPT_SANDBOXING = YES;
				GCC_C_LANGUAGE_STANDARD = gnu17;
				GCC_NO_COMMON_BLOCKS = YES;
				GCC_WARN_64_TO_32_BIT_CONVERSION = YES;
				GCC_WARN_ABOUT_RETURN_TYPE = YES_ERROR;
				GCC_WARN_UNDECLARED_SELECTOR = YES;
				GCC_WARN_UNINITIALIZED_AUTOS = YES_AGGRESSIVE;
				GCC_WARN_UNUSED_FUNCTION = YES;
				GCC_WARN_UNUSED_VARIABLE = YES;
				IPHONEOS_DEPLOYMENT_TARGET = 17.2;
				LOCALIZATION_PREFERS_STRING_CATALOGS = YES;
				MTL_ENABLE_DEBUG_INFO = NO;
				MTL_FAST_MATH = YES;
				SDKROOT = iphoneos;
				SWIFT_COMPILATION_MODE = wholemodule;
				VALIDATE_PRODUCT = YES;
			};
			name = Release;
		};
		BCC5A6C02B60A4D100C1E20D /* Debug */ = {
			isa = XCBuildConfiguration;
			buildSettings = {
				ASSETCATALOG_COMPILER_APPICON_NAME = AppIcon;
				ASSETCATALOG_COMPILER_GLOBAL_ACCENT_COLOR_NAME = AccentColor;
				CODE_SIGN_STYLE = Automatic;
				CURRENT_PROJECT_VERSION = 1;
				DEVELOPMENT_ASSET_PATHS = "\"TodoApp/Preview Content\"";
				DEVELOPMENT_TEAM = 6WW9R7J2A5;
				ENABLE_PREVIEWS = YES;
				GENERATE_INFOPLIST_FILE = YES;
				INFOPLIST_KEY_UIApplicationSceneManifest_Generation = YES;
				INFOPLIST_KEY_UIApplicationSupportsIndirectInputEvents = YES;
				INFOPLIST_KEY_UILaunchScreen_Generation = YES;
				INFOPLIST_KEY_UISupportedInterfaceOrientations_iPad = "UIInterfaceOrientationPortrait UIInterfaceOrientationPortraitUpsideDown UIInterfaceOrientationLandscapeLeft UIInterfaceOrientationLandscapeRight";
				INFOPLIST_KEY_UISupportedInterfaceOrientations_iPhone = "UIInterfaceOrientationPortrait UIInterfaceOrientationLandscapeLeft UIInterfaceOrientationLandscapeRight";
				LD_RUNPATH_SEARCH_PATHS = (
					"$(inherited)",
					"@executable_path/Frameworks",
				);
				MARKETING_VERSION = 1.0;
				PRODUCT_BUNDLE_IDENTIFIER = IfranAli.TodoApp;
				PRODUCT_NAME = "$(TARGET_NAME)";
				SWIFT_EMIT_LOC_STRINGS = YES;
				SWIFT_VERSION = 5.0;
				TARGETED_DEVICE_FAMILY = "1,2";
			};
			name = Debug;
		};
		BCC5A6C12B60A4D100C1E20D /* Release */ = {
			isa = XCBuildConfiguration;
			buildSettings = {
				ASSETCATALOG_COMPILER_APPICON_NAME = AppIcon;
				ASSETCATALOG_COMPILER_GLOBAL_ACCENT_COLOR_NAME = AccentColor;
				CODE_SIGN_STYLE = Automatic;
				CURRENT_PROJECT_VERSION = 1;
				DEVELOPMENT_ASSET_PATHS = "\"TodoApp/Preview Content\"";
				DEVELOPMENT_TEAM = 6WW9R7J2A5;
				ENABLE_PREVIEWS = YES;
				GENERATE_INFOPLIST_FILE = YES;
				INFOPLIST_KEY_UIApplicationSceneManifest_Generation = YES;
				INFOPLIST_KEY_UIApplicationSupportsIndirectInputEvents = YES;
				INFOPLIST_KEY_UILaunchScreen_Generation = YES;
				INFOPLIST_KEY_UISupportedInterfaceOrientations_iPad = "UIInterfaceOrientationPortrait UIInterfaceOrientationPortraitUpsideDown UIInterfaceOrientationLandscapeLeft UIInterfaceOrientationLandscapeRight";
				INFOPLIST_KEY_UISupportedInterfaceOrientations_iPhone = "UIInterfaceOrientationPortrait UIInterfaceOrientationLandscapeLeft UIInterfaceOrientationLandscapeRight";
				LD_RUNPATH_SEARCH_PATHS = (
					"$(inherited)",
					"@executable_path/Frameworks",
				);
				MARKETING_VERSION = 1.0;
				PRODUCT_BUNDLE_IDENTIFIER = IfranAli.TodoApp;
				PRODUCT_NAME = "$(TARGET_NAME)";
				SWIFT_EMIT_LOC_STRINGS = YES;
				SWIFT_VERSION = 5.0;
				TARGETED_DEVICE_FAMILY = "1,2";
			};
			name = Release;
		};
/* End XCBuildConfiguration section */

/* Begin XCConfigurationList section */
		BCC5A6A72B60A4CF00C1E20D /* Build configuration list for PBXProject "TodoApp" */ = {
			isa = XCConfigurationList;
			buildConfigurations = (
				BCC5A6BD2B60A4D100C1E20D /* Debug */,
				BCC5A6BE2B60A4D100C1E20D /* Release */,
			);
			defaultConfigurationIsVisible = 0;
			defaultConfigurationName = Release;
		};
		BCC5A6BF2B60A4D100C1E20D /* Build configuration list for PBXNativeTarget "TodoApp" */ = {
			isa = XCConfigurationList;
			buildConfigurations = (
				BCC5A6C02B60A4D100C1E20D /* Debug */,
				BCC5A6C12B60A4D100C1E20D /* Release */,
			);
			defaultConfigurationIsVisible = 0;
			defaultConfigurationName = Release;
		};
/* End XCConfigurationList section */

/* Begin XCVersionGroup section */
		BCC5A6BA2B60A4D100C1E20D /* TodoApp.xcdatamodeld */ = {
			isa = XCVersionGroup;
			children = (
				BCC5A6BB2B60A4D100C1E20D /* TodoApp.xcdatamodel */,
			);
			currentVersion = BCC5A6BB2B60A4D100C1E20D /* TodoApp.xcdatamodel */;
			path = TodoApp.xcdatamodeld;
			sourceTree = "<group>";
			versionGroupType = wrapper.xcdatamodel;
		};
/* End XCVersionGroup section */
	};
	rootObject = BCC5A6A42B60A4CF00C1E20D /* Project object */;
}
